
Microsoft Visual Studio Solution File, Format Version 12.00
# Visual Studio Version 17
VisualStudioVersion = 17.6.33723.286
MinimumVisualStudioVersion = 10.0.40219.1
Project("{9A19103F-16F7-4668-BE54-9A1E7A4F7556}") = "StudentRegistration.API", "StudentRegistration.API\StudentRegistration.API.csproj", "{48919514-F497-4EDA-BBEC-72230A8DBA0F}"
EndProject
Project("{9A19103F-16F7-4668-BE54-9A1E7A4F7556}") = "StudentRegistration.Domain", "StudentRegistration.Domain\StudentRegistration.Domain.csproj", "{B1D871AB-BA75-43A4-99B3-5E5B1E25FA66}"
EndProject
Project("{9A19103F-16F7-4668-BE54-9A1E7A4F7556}") = "StudentRegistration.Application", "StudentRegistration.Application\StudentRegistration.Application.csproj", "{D213123F-7E03-4887-834F-BFE61B1FFB3B}"
EndProject
Project("{9A19103F-16F7-4668-BE54-9A1E7A4F7556}") = "StudentRegistration.Helpers", "StudentRegistration.Helpers\StudentRegistration.Helpers.csproj", "{D0624631-B27A-4CC8-A047-8F0B0E0B9B3E}"
EndProject
Project("{FAE04EC0-301F-11D3-BF4B-00C04F79EFBC}") = "StudentRegistration.Infrastructure", "StudentRegistration.Infrastructure\StudentRegistration.Infrastructure.csproj", "{633A1E5A-BA97-4DF1-BC45-1A94EFAD1DA3}"
EndProject
Global
	GlobalSection(SolutionConfigurationPlatforms) = preSolution
		Debug|Any CPU = Debug|Any CPU
		Release|Any CPU = Release|Any CPU
	EndGlobalSection
	GlobalSection(ProjectConfigurationPlatforms) = postSolution
		{48919514-F497-4EDA-BBEC-72230A8DBA0F}.Debug|Any CPU.ActiveCfg = Debug|Any CPU
		{48919514-F497-4EDA-BBEC-72230A8DBA0F}.Debug|Any CPU.Build.0 = Debug|Any CPU
		{48919514-F497-4EDA-BBEC-72230A8DBA0F}.Release|Any CPU.ActiveCfg = Release|Any CPU
		{48919514-F497-4EDA-BBEC-72230A8DBA0F}.Release|Any CPU.Build.0 = Release|Any CPU
		{B1D871AB-BA75-43A4-99B3-5E5B1E25FA66}.Debug|Any CPU.ActiveCfg = Debug|Any CPU
		{B1D871AB-BA75-43A4-99B3-5E5B1E25FA66}.Debug|Any CPU.Build.0 = Debug|Any CPU
		{B1D871AB-BA75-43A4-99B3-5E5B1E25FA66}.Release|Any CPU.ActiveCfg = Release|Any CPU
		{B1D871AB-BA75-43A4-99B3-5E5B1E25FA66}.Release|Any CPU.Build.0 = Release|Any CPU
		{D213123F-7E03-4887-834F-BFE61B1FFB3B}.Debug|Any CPU.ActiveCfg = Debug|Any CPU
		{D213123F-7E03-4887-834F-BFE61B1FFB3B}.Debug|Any CPU.Build.0 = Debug|Any CPU
		{D213123F-7E03-4887-834F-BFE61B1FFB3B}.Release|Any CPU.ActiveCfg = Release|Any CPU
		{D213123F-7E03-4887-834F-BFE61B1FFB3B}.Release|Any CPU.Build.0 = Release|Any CPU
		{D0624631-B27A-4CC8-A047-8F0B0E0B9B3E}.Debug|Any CPU.ActiveCfg = Debug|Any CPU
		{D0624631-B27A-4CC8-A047-8F0B0E0B9B3E}.Debug|Any CPU.Build.0 = Debug|Any CPU
		{D0624631-B27A-4CC8-A047-8F0B0E0B9B3E}.Release|Any CPU.ActiveCfg = Release|Any CPU
		{D0624631-B27A-4CC8-A047-8F0B0E0B9B3E}.Release|Any CPU.Build.0 = Release|Any CPU
		{633A1E5A-BA97-4DF1-BC45-1A94EFAD1DA3}.Debug|Any CPU.ActiveCfg = Debug|Any CPU
		{633A1E5A-BA97-4DF1-BC45-1A94EFAD1DA3}.Debug|Any CPU.Build.0 = Debug|Any CPU
		{633A1E5A-BA97-4DF1-BC45-1A94EFAD1DA3}.Release|Any CPU.ActiveCfg = Release|Any CPU
		{633A1E5A-BA97-4DF1-BC45-1A94EFAD1DA3}.Release|Any CPU.Build.0 = Release|Any CPU
	EndGlobalSection
	GlobalSection(SolutionProperties) = preSolution
		HideSolutionNode = FALSE
	EndGlobalSection
	GlobalSection(ExtensibilityGlobals) = postSolution
		SolutionGuid = {0C35D50A-2F24-47F9-B466-7853C3D59931}
	EndGlobalSection
EndGlobal
